
Microsoft Visual Studio Solution File, Format Version 12.00
# Visual Studio Version 16
VisualStudioVersion = 16.0.31424.327
MinimumVisualStudioVersion = 10.0.40219.1
Project("{9A19103F-16F7-4668-BE54-9A1E7A4F7556}") = "TrenRezervasyon.Entities", "TrenRezervasyon.Entities\TrenRezervasyon.Entities.csproj", "{5C42D182-6F9B-4884-A983-2EE0BB83349E}"
EndProject
Project("{FAE04EC0-301F-11D3-BF4B-00C04F79EFBC}") = "TrenRezervasyon.API", "TrenRezervasyon.API\TrenRezervasyon.API.csproj", "{3689AF03-6209-4AFA-A292-0534DFE51036}"
EndProject
Project("{FAE04EC0-301F-11D3-BF4B-00C04F79EFBC}") = "TrenRezervasyon.BusinessLayer", "TrenRezervasyon.BusinessLayer\TrenRezervasyon.BusinessLayer.csproj", "{CE1EF510-A365-40E4-8F9D-11580537782E}"
EndProject
Global
	GlobalSection(SolutionConfigurationPlatforms) = preSolution
		Debug|Any CPU = Debug|Any CPU
		Release|Any CPU = Release|Any CPU
	EndGlobalSection
	GlobalSection(ProjectConfigurationPlatforms) = postSolution
		{5C42D182-6F9B-4884-A983-2EE0BB83349E}.Debug|Any CPU.ActiveCfg = Debug|Any CPU
		{5C42D182-6F9B-4884-A983-2EE0BB83349E}.Debug|Any CPU.Build.0 = Debug|Any CPU
		{5C42D182-6F9B-4884-A983-2EE0BB83349E}.Release|Any CPU.ActiveCfg = Release|Any CPU
		{5C42D182-6F9B-4884-A983-2EE0BB83349E}.Release|Any CPU.Build.0 = Release|Any CPU
		{3689AF03-6209-4AFA-A292-0534DFE51036}.Debug|Any CPU.ActiveCfg = Debug|Any CPU
		{3689AF03-6209-4AFA-A292-0534DFE51036}.Debug|Any CPU.Build.0 = Debug|Any CPU
		{3689AF03-6209-4AFA-A292-0534DFE51036}.Release|Any CPU.ActiveCfg = Release|Any CPU
		{3689AF03-6209-4AFA-A292-0534DFE51036}.Release|Any CPU.Build.0 = Release|Any CPU
		{CE1EF510-A365-40E4-8F9D-11580537782E}.Debug|Any CPU.ActiveCfg = Debug|Any CPU
		{CE1EF510-A365-40E4-8F9D-11580537782E}.Debug|Any CPU.Build.0 = Debug|Any CPU
		{CE1EF510-A365-40E4-8F9D-11580537782E}.Release|Any CPU.ActiveCfg = Release|Any CPU
		{CE1EF510-A365-40E4-8F9D-11580537782E}.Release|Any CPU.Build.0 = Release|Any CPU
	EndGlobalSection
	GlobalSection(SolutionProperties) = preSolution
		HideSolutionNode = FALSE
	EndGlobalSection
	GlobalSection(ExtensibilityGlobals) = postSolution
		SolutionGuid = {6BB728A7-12EB-4735-A326-695C4D8B4BFD}
	EndGlobalSection
EndGlobal
